
Microsoft Visual Studio Solution File, Format Version 12.00
# Visual Studio Version 17
VisualStudioVersion = 17.9.34723.18
MinimumVisualStudioVersion = 10.0.40219.1
Project("{FAE04EC0-301F-11D3-BF4B-00C04F79EFBC}") = "Borovec_OOPBank", "Borovec_OOPBank\Borovec_OOPBank.csproj", "{526373BA-002D-401A-AE28-B59D787AC5F3}"
EndProject
Global
	GlobalSection(SolutionConfigurationPlatforms) = preSolution
		Debug|Any CPU = Debug|Any CPU
		Release|Any CPU = Release|Any CPU
	EndGlobalSection
	GlobalSection(ProjectConfigurationPlatforms) = postSolution
		{526373BA-002D-401A-AE28-B59D787AC5F3}.Debug|Any CPU.ActiveCfg = Debug|Any CPU
		{526373BA-002D-401A-AE28-B59D787AC5F3}.Debug|Any CPU.Build.0 = Debug|Any CPU
		{526373BA-002D-401A-AE28-B59D787AC5F3}.Release|Any CPU.ActiveCfg = Release|Any CPU
		{526373BA-002D-401A-AE28-B59D787AC5F3}.Release|Any CPU.Build.0 = Release|Any CPU
	EndGlobalSection
	GlobalSection(SolutionProperties) = preSolution
		HideSolutionNode = FALSE
	EndGlobalSection
	GlobalSection(ExtensibilityGlobals) = postSolution
		SolutionGuid = {C72D8925-FD5C-46E9-838C-FB4F1E1661CD}
	EndGlobalSection
EndGlobal
